
Microsoft Visual Studio Solution File, Format Version 12.00
# Visual Studio Version 17
VisualStudioVersion = 17.5.002.0
MinimumVisualStudioVersion = 10.0.40219.1
Project("{2150E333-8FDC-42A3-9474-1A3956D46DE8}") = "csharp-prep", "csharp-prep", "{DB36C0F1-B4CE-4951-A92B-BC4480473B8B}"
EndProject
Project("{9A19103F-16F7-4668-BE54-9A1E7A4F7556}") = "Prep1", "csharp-prep\Prep1\Prep1.csproj", "{BD37380C-0432-430D-BA41-0A88E6F95487}"
EndProject
Project("{9A19103F-16F7-4668-BE54-9A1E7A4F7556}") = "Prep2", "csharp-prep\Prep2\Prep2.csproj", "{6E3041AD-9F99-46FA-8D41-9F51A6459052}"
EndProject
Project("{9A19103F-16F7-4668-BE54-9A1E7A4F7556}") = "Prep3", "csharp-prep\Prep3\Prep3.csproj", "{B00CCB46-3404-4849-89F3-9AFD7A8CE1D5}"
EndProject
Project("{9A19103F-16F7-4668-BE54-9A1E7A4F7556}") = "Prep4", "csharp-prep\Prep4\Prep4.csproj", "{07E26C86-0E1C-44E4-BA65-0429BDD2BA9E}"
EndProject
Project("{9A19103F-16F7-4668-BE54-9A1E7A4F7556}") = "Prep5", "csharp-prep\Prep5\Prep5.csproj", "{25E107B4-C780-4C9F-BF14-F1D84737ED2C}"
EndProject
Project("{2150E333-8FDC-42A3-9474-1A3956D46DE8}") = "final", "final", "{E0724BE8-2823-443C-8CA1-C1C712BF86C6}"
EndProject
Project("{9A19103F-16F7-4668-BE54-9A1E7A4F7556}") = "FinalProject", "final\FinalProject\FinalProject.csproj", "{A4A57ABB-F062-4A19-8D61-1D5E5EEAC7F1}"
EndProject
Project("{9A19103F-16F7-4668-BE54-9A1E7A4F7556}") = "Foundation1", "final\Foundation1\Foundation1.csproj", "{0F66B336-FB9F-4047-B03E-AA6B083DB1E0}"
EndProject
Project("{9A19103F-16F7-4668-BE54-9A1E7A4F7556}") = "Foundation2", "final\Foundation2\Foundation2.csproj", "{6B8E327B-C1A0-4892-9DE5-AF2F71E07B81}"
EndProject
Project("{9A19103F-16F7-4668-BE54-9A1E7A4F7556}") = "Foundation3", "final\Foundation3\Foundation3.csproj", "{17AFF896-0E3B-45FA-8ED8-E0AF9E4A43D0}"
EndProject
Project("{9A19103F-16F7-4668-BE54-9A1E7A4F7556}") = "Foundation4", "final\Foundation4\Foundation4.csproj", "{B6F4AB1C-C4D4-40EC-9772-888208B30BEB}"
EndProject
Project("{2150E333-8FDC-42A3-9474-1A3956D46DE8}") = "prepare", "prepare", "{382BE358-5019-419A-9D5F-5F8D0F5B094C}"
EndProject
Project("{9A19103F-16F7-4668-BE54-9A1E7A4F7556}") = "Learning02", "prepare\Learning02\Learning02.csproj", "{25041920-D206-4246-BA53-1C53F37DF463}"
EndProject
Project("{9A19103F-16F7-4668-BE54-9A1E7A4F7556}") = "Learning03", "prepare\Learning03\Learning03.csproj", "{0BFA362F-D447-450E-9B50-7DF885BE2F09}"
EndProject
Project("{9A19103F-16F7-4668-BE54-9A1E7A4F7556}") = "Learning04", "prepare\Learning04\Learning04.csproj", "{7AB065CB-E6FB-47E2-956B-591880786CBB}"
EndProject
Project("{9A19103F-16F7-4668-BE54-9A1E7A4F7556}") = "Learning05", "prepare\Learning05\Learning05.csproj", "{56227B55-8938-4C12-B07A-C1925E6D25FA}"
EndProject
Project("{2150E333-8FDC-42A3-9474-1A3956D46DE8}") = "prove", "prove", "{9BD0D1C7-217C-44B5-8E8F-1516741C9275}"
EndProject
Project("{9A19103F-16F7-4668-BE54-9A1E7A4F7556}") = "Develop02", "prove\Develop02\Develop02.csproj", "{25158395-8089-4BE3-A73E-23E654D4DD3B}"
EndProject
Project("{9A19103F-16F7-4668-BE54-9A1E7A4F7556}") = "Develop03", "prove\Develop03\Develop03.csproj", "{77141782-14C6-42E5-AC70-8FCAC1EAABC9}"
EndProject
Project("{9A19103F-16F7-4668-BE54-9A1E7A4F7556}") = "Develop04", "prove\Develop04\Develop04.csproj", "{49DF5CFE-DFCC-40CA-AE0D-20DEA6A579E4}"
EndProject
Project("{9A19103F-16F7-4668-BE54-9A1E7A4F7556}") = "Develop05", "prove\Develop05\Develop05.csproj", "{DD43A723-8ADB-4959-80ED-C26B41C95AB8}"
EndProject
Project("{2150E333-8FDC-42A3-9474-1A3956D46DE8}") = "sandbox", "sandbox", "{58ECB64E-50D5-4C14-AD68-FE1A934E46B4}"
EndProject
Project("{9A19103F-16F7-4668-BE54-9A1E7A4F7556}") = "Sandbox", "sandbox\Sandbox\Sandbox.csproj", "{7E4CA5C6-C909-40E8-8B6D-3BABB86426F4}"
EndProject
Global
	GlobalSection(SolutionConfigurationPlatforms) = preSolution
		Debug|Any CPU = Debug|Any CPU
		Release|Any CPU = Release|Any CPU
	EndGlobalSection
	GlobalSection(ProjectConfigurationPlatforms) = postSolution
		{BD37380C-0432-430D-BA41-0A88E6F95487}.Debug|Any CPU.ActiveCfg = Debug|Any CPU
		{BD37380C-0432-430D-BA41-0A88E6F95487}.Debug|Any CPU.Build.0 = Debug|Any CPU
		{BD37380C-0432-430D-BA41-0A88E6F95487}.Release|Any CPU.ActiveCfg = Release|Any CPU
		{BD37380C-0432-430D-BA41-0A88E6F95487}.Release|Any CPU.Build.0 = Release|Any CPU
		{6E3041AD-9F99-46FA-8D41-9F51A6459052}.Debug|Any CPU.ActiveCfg = Debug|Any CPU
		{6E3041AD-9F99-46FA-8D41-9F51A6459052}.Debug|Any CPU.Build.0 = Debug|Any CPU
		{6E3041AD-9F99-46FA-8D41-9F51A6459052}.Release|Any CPU.ActiveCfg = Release|Any CPU
		{6E3041AD-9F99-46FA-8D41-9F51A6459052}.Release|Any CPU.Build.0 = Release|Any CPU
		{B00CCB46-3404-4849-89F3-9AFD7A8CE1D5}.Debug|Any CPU.ActiveCfg = Debug|Any CPU
		{B00CCB46-3404-4849-89F3-9AFD7A8CE1D5}.Debug|Any CPU.Build.0 = Debug|Any CPU
		{B00CCB46-3404-4849-89F3-9AFD7A8CE1D5}.Release|Any CPU.ActiveCfg = Release|Any CPU
		{B00CCB46-3404-4849-89F3-9AFD7A8CE1D5}.Release|Any CPU.Build.0 = Release|Any CPU
		{07E26C86-0E1C-44E4-BA65-0429BDD2BA9E}.Debug|Any CPU.ActiveCfg = Debug|Any CPU
		{07E26C86-0E1C-44E4-BA65-0429BDD2BA9E}.Debug|Any CPU.Build.0 = Debug|Any CPU
		{07E26C86-0E1C-44E4-BA65-0429BDD2BA9E}.Release|Any CPU.ActiveCfg = Release|Any CPU
		{07E26C86-0E1C-44E4-BA65-0429BDD2BA9E}.Release|Any CPU.Build.0 = Release|Any CPU
		{25E107B4-C780-4C9F-BF14-F1D84737ED2C}.Debug|Any CPU.ActiveCfg = Debug|Any CPU
		{25E107B4-C780-4C9F-BF14-F1D84737ED2C}.Debug|Any CPU.Build.0 = Debug|Any CPU
		{25E107B4-C780-4C9F-BF14-F1D84737ED2C}.Release|Any CPU.ActiveCfg = Release|Any CPU
		{25E107B4-C780-4C9F-BF14-F1D84737ED2C}.Release|Any CPU.Build.0 = Release|Any CPU
		{A4A57ABB-F062-4A19-8D61-1D5E5EEAC7F1}.Debug|Any CPU.ActiveCfg = Debug|Any CPU
		{A4A57ABB-F062-4A19-8D61-1D5E5EEAC7F1}.Debug|Any CPU.Build.0 = Debug|Any CPU
		{A4A57ABB-F062-4A19-8D61-1D5E5EEAC7F1}.Release|Any CPU.ActiveCfg = Release|Any CPU
		{A4A57ABB-F062-4A19-8D61-1D5E5EEAC7F1}.Release|Any CPU.Build.0 = Release|Any CPU
		{0F66B336-FB9F-4047-B03E-AA6B083DB1E0}.Debug|Any CPU.ActiveCfg = Debug|Any CPU
		{0F66B336-FB9F-4047-B03E-AA6B083DB1E0}.Debug|Any CPU.Build.0 = Debug|Any CPU
		{0F66B336-FB9F-4047-B03E-AA6B083DB1E0}.Release|Any CPU.ActiveCfg = Release|Any CPU
		{0F66B336-FB9F-4047-B03E-AA6B083DB1E0}.Release|Any CPU.Build.0 = Release|Any CPU
		{6B8E327B-C1A0-4892-9DE5-AF2F71E07B81}.Debug|Any CPU.ActiveCfg = Debug|Any CPU
		{6B8E327B-C1A0-4892-9DE5-AF2F71E07B81}.Debug|Any CPU.Build.0 = Debug|Any CPU
		{6B8E327B-C1A0-4892-9DE5-AF2F71E07B81}.Release|Any CPU.ActiveCfg = Release|Any CPU
		{6B8E327B-C1A0-4892-9DE5-AF2F71E07B81}.Release|Any CPU.Build.0 = Release|Any CPU
		{17AFF896-0E3B-45FA-8ED8-E0AF9E4A43D0}.Debug|Any CPU.ActiveCfg = Debug|Any CPU
		{17AFF896-0E3B-45FA-8ED8-E0AF9E4A43D0}.Debug|Any CPU.Build.0 = Debug|Any CPU
		{17AFF896-0E3B-45FA-8ED8-E0AF9E4A43D0}.Release|Any CPU.ActiveCfg = Release|Any CPU
		{17AFF896-0E3B-45FA-8ED8-E0AF9E4A43D0}.Release|Any CPU.Build.0 = Release|Any CPU
		{B6F4AB1C-C4D4-40EC-9772-888208B30BEB}.Debug|Any CPU.ActiveCfg = Debug|Any CPU
		{B6F4AB1C-C4D4-40EC-9772-888208B30BEB}.Debug|Any CPU.Build.0 = Debug|Any CPU
		{B6F4AB1C-C4D4-40EC-9772-888208B30BEB}.Release|Any CPU.ActiveCfg = Release|Any CPU
		{B6F4AB1C-C4D4-40EC-9772-888208B30BEB}.Release|Any CPU.Build.0 = Release|Any CPU
		{25041920-D206-4246-BA53-1C53F37DF463}.Debug|Any CPU.ActiveCfg = Debug|Any CPU
		{25041920-D206-4246-BA53-1C53F37DF463}.Debug|Any CPU.Build.0 = Debug|Any CPU
		{25041920-D206-4246-BA53-1C53F37DF463}.Release|Any CPU.ActiveCfg = Release|Any CPU
		{25041920-D206-4246-BA53-1C53F37DF463}.Release|Any CPU.Build.0 = Release|Any CPU
		{0BFA362F-D447-450E-9B50-7DF885BE2F09}.Debug|Any CPU.ActiveCfg = Debug|Any CPU
		{0BFA362F-D447-450E-9B50-7DF885BE2F09}.Debug|Any CPU.Build.0 = Debug|Any CPU
		{0BFA362F-D447-450E-9B50-7DF885BE2F09}.Release|Any CPU.ActiveCfg = Release|Any CPU
		{0BFA362F-D447-450E-9B50-7DF885BE2F09}.Release|Any CPU.Build.0 = Release|Any CPU
		{7AB065CB-E6FB-47E2-956B-591880786CBB}.Debug|Any CPU.ActiveCfg = Debug|Any CPU
		{7AB065CB-E6FB-47E2-956B-591880786CBB}.Debug|Any CPU.Build.0 = Debug|Any CPU
		{7AB065CB-E6FB-47E2-956B-591880786CBB}.Release|Any CPU.ActiveCfg = Release|Any CPU
		{7AB065CB-E6FB-47E2-956B-591880786CBB}.Release|Any CPU.Build.0 = Release|Any CPU
		{56227B55-8938-4C12-B07A-C1925E6D25FA}.Debug|Any CPU.ActiveCfg = Debug|Any CPU
		{56227B55-8938-4C12-B07A-C1925E6D25FA}.Debug|Any CPU.Build.0 = Debug|Any CPU
		{56227B55-8938-4C12-B07A-C1925E6D25FA}.Release|Any CPU.ActiveCfg = Release|Any CPU
		{56227B55-8938-4C12-B07A-C1925E6D25FA}.Release|Any CPU.Build.0 = Release|Any CPU
		{25158395-8089-4BE3-A73E-23E654D4DD3B}.Debug|Any CPU.ActiveCfg = Debug|Any CPU
		{25158395-8089-4BE3-A73E-23E654D4DD3B}.Debug|Any CPU.Build.0 = Debug|Any CPU
		{25158395-8089-4BE3-A73E-23E654D4DD3B}.Release|Any CPU.ActiveCfg = Release|Any CPU
		{25158395-8089-4BE3-A73E-23E654D4DD3B}.Release|Any CPU.Build.0 = Release|Any CPU
		{77141782-14C6-42E5-AC70-8FCAC1EAABC9}.Debug|Any CPU.ActiveCfg = Debug|Any CPU
		{77141782-14C6-42E5-AC70-8FCAC1EAABC9}.Debug|Any CPU.Build.0 = Debug|Any CPU
		{77141782-14C6-42E5-AC70-8FCAC1EAABC9}.Release|Any CPU.ActiveCfg = Release|Any CPU
		{77141782-14C6-42E5-AC70-8FCAC1EAABC9}.Release|Any CPU.Build.0 = Release|Any CPU
		{49DF5CFE-DFCC-40CA-AE0D-20DEA6A579E4}.Debug|Any CPU.ActiveCfg = Debug|Any CPU
		{49DF5CFE-DFCC-40CA-AE0D-20DEA6A579E4}.Debug|Any CPU.Build.0 = Debug|Any CPU
		{49DF5CFE-DFCC-40CA-AE0D-20DEA6A579E4}.Release|Any CPU.ActiveCfg = Release|Any CPU
		{49DF5CFE-DFCC-40CA-AE0D-20DEA6A579E4}.Release|Any CPU.Build.0 = Release|Any CPU
		{DD43A723-8ADB-4959-80ED-C26B41C95AB8}.Debug|Any CPU.ActiveCfg = Debug|Any CPU
		{DD43A723-8ADB-4959-80ED-C26B41C95AB8}.Debug|Any CPU.Build.0 = Debug|Any CPU
		{DD43A723-8ADB-4959-80ED-C26B41C95AB8}.Release|Any CPU.ActiveCfg = Release|Any CPU
		{DD43A723-8ADB-4959-80ED-C26B41C95AB8}.Release|Any CPU.Build.0 = Release|Any CPU
		{7E4CA5C6-C909-40E8-8B6D-3BABB86426F4}.Debug|Any CPU.ActiveCfg = Debug|Any CPU
		{7E4CA5C6-C909-40E8-8B6D-3BABB86426F4}.Debug|Any CPU.Build.0 = Debug|Any CPU
		{7E4CA5C6-C909-40E8-8B6D-3BABB86426F4}.Release|Any CPU.ActiveCfg = Release|Any CPU
		{7E4CA5C6-C909-40E8-8B6D-3BABB86426F4}.Release|Any CPU.Build.0 = Release|Any CPU
	EndGlobalSection
	GlobalSection(SolutionProperties) = preSolution
		HideSolutionNode = FALSE
	EndGlobalSection
	GlobalSection(NestedProjects) = preSolution
		{BD37380C-0432-430D-BA41-0A88E6F95487} = {DB36C0F1-B4CE-4951-A92B-BC4480473B8B}
		{6E3041AD-9F99-46FA-8D41-9F51A6459052} = {DB36C0F1-B4CE-4951-A92B-BC4480473B8B}
		{B00CCB46-3404-4849-89F3-9AFD7A8CE1D5} = {DB36C0F1-B4CE-4951-A92B-BC4480473B8B}
		{07E26C86-0E1C-44E4-BA65-0429BDD2BA9E} = {DB36C0F1-B4CE-4951-A92B-BC4480473B8B}
		{25E107B4-C780-4C9F-BF14-F1D84737ED2C} = {DB36C0F1-B4CE-4951-A92B-BC4480473B8B}
		{A4A57ABB-F062-4A19-8D61-1D5E5EEAC7F1} = {E0724BE8-2823-443C-8CA1-C1C712BF86C6}
		{0F66B336-FB9F-4047-B03E-AA6B083DB1E0} = {E0724BE8-2823-443C-8CA1-C1C712BF86C6}
		{6B8E327B-C1A0-4892-9DE5-AF2F71E07B81} = {E0724BE8-2823-443C-8CA1-C1C712BF86C6}
		{17AFF896-0E3B-45FA-8ED8-E0AF9E4A43D0} = {E0724BE8-2823-443C-8CA1-C1C712BF86C6}
		{B6F4AB1C-C4D4-40EC-9772-888208B30BEB} = {E0724BE8-2823-443C-8CA1-C1C712BF86C6}
		{25041920-D206-4246-BA53-1C53F37DF463} = {382BE358-5019-419A-9D5F-5F8D0F5B094C}
		{0BFA362F-D447-450E-9B50-7DF885BE2F09} = {382BE358-5019-419A-9D5F-5F8D0F5B094C}
		{7AB065CB-E6FB-47E2-956B-591880786CBB} = {382BE358-5019-419A-9D5F-5F8D0F5B094C}
		{56227B55-8938-4C12-B07A-C1925E6D25FA} = {382BE358-5019-419A-9D5F-5F8D0F5B094C}
		{25158395-8089-4BE3-A73E-23E654D4DD3B} = {9BD0D1C7-217C-44B5-8E8F-1516741C9275}
		{77141782-14C6-42E5-AC70-8FCAC1EAABC9} = {9BD0D1C7-217C-44B5-8E8F-1516741C9275}
		{49DF5CFE-DFCC-40CA-AE0D-20DEA6A579E4} = {9BD0D1C7-217C-44B5-8E8F-1516741C9275}
		{DD43A723-8ADB-4959-80ED-C26B41C95AB8} = {9BD0D1C7-217C-44B5-8E8F-1516741C9275}
		{7E4CA5C6-C909-40E8-8B6D-3BABB86426F4} = {58ECB64E-50D5-4C14-AD68-FE1A934E46B4}
	EndGlobalSection
	GlobalSection(ExtensibilityGlobals) = postSolution
		SolutionGuid = {C48D02B1-99CC-438F-AFB1-793BDC30C29C}
	EndGlobalSection
EndGlobal
